
Microsoft Visual Studio Solution File, Format Version 12.00
# Visual Studio Version 17
VisualStudioVersion = 17.0.31903.59
MinimumVisualStudioVersion = 10.0.40219.1
Project("{2150E333-8FDC-42A3-9474-1A3956D46DE8}") = "src", "src", "{6E85345B-2F5A-48D1-9CA9-7491C2B78736}"
EndProject
Project("{FAE04EC0-301F-11D3-BF4B-00C04F79EFBC}") = "DeckDiff", "src\DeckDiff\DeckDiff.csproj", "{0B918230-98B1-4B50-92E8-FEFEEEB5B8A2}"
EndProject
Project("{2150E333-8FDC-42A3-9474-1A3956D46DE8}") = "test", "test", "{0A3DF18F-1F8A-4338-A65F-18979B133DA6}"
EndProject
Project("{FAE04EC0-301F-11D3-BF4B-00C04F79EFBC}") = "DeckDiff.Tests", "test\DeckDiff.Tests\DeckDiff.Tests.csproj", "{6A7AD08C-E14E-4618-9C23-452B3451B68B}"
EndProject
Global
	GlobalSection(SolutionConfigurationPlatforms) = preSolution
		Debug|Any CPU = Debug|Any CPU
		Release|Any CPU = Release|Any CPU
	EndGlobalSection
	GlobalSection(SolutionProperties) = preSolution
		HideSolutionNode = FALSE
	EndGlobalSection
	GlobalSection(ProjectConfigurationPlatforms) = postSolution
		{0B918230-98B1-4B50-92E8-FEFEEEB5B8A2}.Debug|Any CPU.ActiveCfg = Debug|Any CPU
		{0B918230-98B1-4B50-92E8-FEFEEEB5B8A2}.Debug|Any CPU.Build.0 = Debug|Any CPU
		{0B918230-98B1-4B50-92E8-FEFEEEB5B8A2}.Release|Any CPU.ActiveCfg = Release|Any CPU
		{0B918230-98B1-4B50-92E8-FEFEEEB5B8A2}.Release|Any CPU.Build.0 = Release|Any CPU
		{6A7AD08C-E14E-4618-9C23-452B3451B68B}.Debug|Any CPU.ActiveCfg = Debug|Any CPU
		{6A7AD08C-E14E-4618-9C23-452B3451B68B}.Debug|Any CPU.Build.0 = Debug|Any CPU
		{6A7AD08C-E14E-4618-9C23-452B3451B68B}.Release|Any CPU.ActiveCfg = Release|Any CPU
		{6A7AD08C-E14E-4618-9C23-452B3451B68B}.Release|Any CPU.Build.0 = Release|Any CPU
	EndGlobalSection
	GlobalSection(NestedProjects) = preSolution
		{0B918230-98B1-4B50-92E8-FEFEEEB5B8A2} = {6E85345B-2F5A-48D1-9CA9-7491C2B78736}
		{6A7AD08C-E14E-4618-9C23-452B3451B68B} = {0A3DF18F-1F8A-4338-A65F-18979B133DA6}
	EndGlobalSection
EndGlobal
